
Microsoft Visual Studio Solution File, Format Version 12.00
# Visual Studio Version 16
VisualStudioVersion = 16.0.28803.156
MinimumVisualStudioVersion = 10.0.40219.1
Project("{2150E333-8FDC-42A3-9474-1A3956D46DE8}") = "src", "src", "{E68B47E1-3E7F-4800-B260-DBC7D0F37153}"
EndProject
Project("{2150E333-8FDC-42A3-9474-1A3956D46DE8}") = "Presentation", "Presentation", "{2C0D7A92-BC32-4A98-9147-EB8B918464E2}"
EndProject
Project("{2150E333-8FDC-42A3-9474-1A3956D46DE8}") = "Services", "Services", "{4CE63700-5F92-4EE2-A195-18E480952F6D}"
EndProject
Project("{2150E333-8FDC-42A3-9474-1A3956D46DE8}") = "Domain", "Domain", "{96645A74-D2C5-496D-8440-8D447D5A82E8}"
EndProject
Project("{2150E333-8FDC-42A3-9474-1A3956D46DE8}") = "Infrastructure", "Infrastructure", "{400F54B6-31D0-4D68-B5F0-A49F009354FE}"
EndProject
Project("{2150E333-8FDC-42A3-9474-1A3956D46DE8}") = "Application", "Application", "{9207E494-33FA-41E6-B4EA-9F2BE0B22367}"
EndProject
Project("{9A19103F-16F7-4668-BE54-9A1E7A4F7556}") = "App.Application", "App.Application\App.Application.csproj", "{85325D17-8564-40B7-BFC8-C23D19A15FEF}"
EndProject
Project("{9A19103F-16F7-4668-BE54-9A1E7A4F7556}") = "App.Domain", "App.Domain\App.Domain.csproj", "{1E87906B-4157-458B-95F5-4C37164E4033}"
EndProject
Project("{9A19103F-16F7-4668-BE54-9A1E7A4F7556}") = "App.Domain.Core", "App.Domain.Core\App.Domain.Core.csproj", "{F5C677F0-ACCA-4DF2-8DA3-86237D80D803}"
EndProject
Project("{2150E333-8FDC-42A3-9474-1A3956D46DE8}") = "Data", "Data", "{DC1E90C8-A9A0-4772-A9D1-BD77C809D574}"
EndProject
Project("{2150E333-8FDC-42A3-9474-1A3956D46DE8}") = "CrossCutting", "CrossCutting", "{2670722E-F205-4242-AFE1-B6C19B1A4E7B}"
EndProject
Project("{9A19103F-16F7-4668-BE54-9A1E7A4F7556}") = "App.Infrastructure.Data", "App.Infrastructure.Data\App.Infrastructure.Data.csproj", "{E74E0D4B-634E-4A6E-8512-20EA9934EE6E}"
EndProject
Project("{9A19103F-16F7-4668-BE54-9A1E7A4F7556}") = "App.Infrastructure.CrossCutting.Bus", "App.Infrastructure.CrossCutting.Bus\App.Infrastructure.CrossCutting.Bus.csproj", "{BA1B1E85-8E02-4321-AA4B-41C0976BCA69}"
EndProject
Project("{9A19103F-16F7-4668-BE54-9A1E7A4F7556}") = "App.Infrastructure.CrossCutting.IoC", "App.Infrastructure.CrossCutting.IoC\App.Infrastructure.CrossCutting.IoC.csproj", "{8B727723-D30B-4FB2-8264-70B7E832140C}"
EndProject
Project("{9A19103F-16F7-4668-BE54-9A1E7A4F7556}") = "App.Infrastructure.CrossCutting.Identity", "App.Infrastructure.CrossCutting.Identity\App.Infrastructure.CrossCutting.Identity.csproj", "{2312889B-F6EA-4D2F-A10B-5021912E8D20}"
EndProject
Project("{9A19103F-16F7-4668-BE54-9A1E7A4F7556}") = "App.Admin", "App.Admin\App.Admin.csproj", "{7AA18FBF-F9D6-4D05-BAA6-1C6D3C583D5E}"
EndProject
Project("{FAE04EC0-301F-11D3-BF4B-00C04F79EFBC}") = "App.Intranet", "App.Intranet\App.Intranet.csproj", "{857DEE55-A6DC-4CCF-872B-0C77229E07F7}"
EndProject
Global
	GlobalSection(SolutionConfigurationPlatforms) = preSolution
		Debug|Any CPU = Debug|Any CPU
		Release|Any CPU = Release|Any CPU
	EndGlobalSection
	GlobalSection(ProjectConfigurationPlatforms) = postSolution
		{85325D17-8564-40B7-BFC8-C23D19A15FEF}.Debug|Any CPU.ActiveCfg = Debug|Any CPU
		{85325D17-8564-40B7-BFC8-C23D19A15FEF}.Debug|Any CPU.Build.0 = Debug|Any CPU
		{85325D17-8564-40B7-BFC8-C23D19A15FEF}.Release|Any CPU.ActiveCfg = Release|Any CPU
		{85325D17-8564-40B7-BFC8-C23D19A15FEF}.Release|Any CPU.Build.0 = Release|Any CPU
		{1E87906B-4157-458B-95F5-4C37164E4033}.Debug|Any CPU.ActiveCfg = Debug|Any CPU
		{1E87906B-4157-458B-95F5-4C37164E4033}.Debug|Any CPU.Build.0 = Debug|Any CPU
		{1E87906B-4157-458B-95F5-4C37164E4033}.Release|Any CPU.ActiveCfg = Release|Any CPU
		{1E87906B-4157-458B-95F5-4C37164E4033}.Release|Any CPU.Build.0 = Release|Any CPU
		{F5C677F0-ACCA-4DF2-8DA3-86237D80D803}.Debug|Any CPU.ActiveCfg = Debug|Any CPU
		{F5C677F0-ACCA-4DF2-8DA3-86237D80D803}.Debug|Any CPU.Build.0 = Debug|Any CPU
		{F5C677F0-ACCA-4DF2-8DA3-86237D80D803}.Release|Any CPU.ActiveCfg = Release|Any CPU
		{F5C677F0-ACCA-4DF2-8DA3-86237D80D803}.Release|Any CPU.Build.0 = Release|Any CPU
		{E74E0D4B-634E-4A6E-8512-20EA9934EE6E}.Debug|Any CPU.ActiveCfg = Debug|Any CPU
		{E74E0D4B-634E-4A6E-8512-20EA9934EE6E}.Debug|Any CPU.Build.0 = Debug|Any CPU
		{E74E0D4B-634E-4A6E-8512-20EA9934EE6E}.Release|Any CPU.ActiveCfg = Release|Any CPU
		{E74E0D4B-634E-4A6E-8512-20EA9934EE6E}.Release|Any CPU.Build.0 = Release|Any CPU
		{BA1B1E85-8E02-4321-AA4B-41C0976BCA69}.Debug|Any CPU.ActiveCfg = Debug|Any CPU
		{BA1B1E85-8E02-4321-AA4B-41C0976BCA69}.Debug|Any CPU.Build.0 = Debug|Any CPU
		{BA1B1E85-8E02-4321-AA4B-41C0976BCA69}.Release|Any CPU.ActiveCfg = Release|Any CPU
		{BA1B1E85-8E02-4321-AA4B-41C0976BCA69}.Release|Any CPU.Build.0 = Release|Any CPU
		{8B727723-D30B-4FB2-8264-70B7E832140C}.Debug|Any CPU.ActiveCfg = Debug|Any CPU
		{8B727723-D30B-4FB2-8264-70B7E832140C}.Debug|Any CPU.Build.0 = Debug|Any CPU
		{8B727723-D30B-4FB2-8264-70B7E832140C}.Release|Any CPU.ActiveCfg = Release|Any CPU
		{8B727723-D30B-4FB2-8264-70B7E832140C}.Release|Any CPU.Build.0 = Release|Any CPU
		{2312889B-F6EA-4D2F-A10B-5021912E8D20}.Debug|Any CPU.ActiveCfg = Debug|Any CPU
		{2312889B-F6EA-4D2F-A10B-5021912E8D20}.Debug|Any CPU.Build.0 = Debug|Any CPU
		{2312889B-F6EA-4D2F-A10B-5021912E8D20}.Release|Any CPU.ActiveCfg = Release|Any CPU
		{2312889B-F6EA-4D2F-A10B-5021912E8D20}.Release|Any CPU.Build.0 = Release|Any CPU
		{7AA18FBF-F9D6-4D05-BAA6-1C6D3C583D5E}.Debug|Any CPU.ActiveCfg = Debug|Any CPU
		{7AA18FBF-F9D6-4D05-BAA6-1C6D3C583D5E}.Debug|Any CPU.Build.0 = Debug|Any CPU
		{7AA18FBF-F9D6-4D05-BAA6-1C6D3C583D5E}.Release|Any CPU.ActiveCfg = Release|Any CPU
		{7AA18FBF-F9D6-4D05-BAA6-1C6D3C583D5E}.Release|Any CPU.Build.0 = Release|Any CPU
		{857DEE55-A6DC-4CCF-872B-0C77229E07F7}.Debug|Any CPU.ActiveCfg = Debug|Any CPU
		{857DEE55-A6DC-4CCF-872B-0C77229E07F7}.Debug|Any CPU.Build.0 = Debug|Any CPU
		{857DEE55-A6DC-4CCF-872B-0C77229E07F7}.Release|Any CPU.ActiveCfg = Release|Any CPU
		{857DEE55-A6DC-4CCF-872B-0C77229E07F7}.Release|Any CPU.Build.0 = Release|Any CPU
	EndGlobalSection
	GlobalSection(SolutionProperties) = preSolution
		HideSolutionNode = FALSE
	EndGlobalSection
	GlobalSection(NestedProjects) = preSolution
		{2C0D7A92-BC32-4A98-9147-EB8B918464E2} = {E68B47E1-3E7F-4800-B260-DBC7D0F37153}
		{4CE63700-5F92-4EE2-A195-18E480952F6D} = {E68B47E1-3E7F-4800-B260-DBC7D0F37153}
		{96645A74-D2C5-496D-8440-8D447D5A82E8} = {E68B47E1-3E7F-4800-B260-DBC7D0F37153}
		{400F54B6-31D0-4D68-B5F0-A49F009354FE} = {E68B47E1-3E7F-4800-B260-DBC7D0F37153}
		{9207E494-33FA-41E6-B4EA-9F2BE0B22367} = {E68B47E1-3E7F-4800-B260-DBC7D0F37153}
		{85325D17-8564-40B7-BFC8-C23D19A15FEF} = {9207E494-33FA-41E6-B4EA-9F2BE0B22367}
		{1E87906B-4157-458B-95F5-4C37164E4033} = {96645A74-D2C5-496D-8440-8D447D5A82E8}
		{F5C677F0-ACCA-4DF2-8DA3-86237D80D803} = {96645A74-D2C5-496D-8440-8D447D5A82E8}
		{DC1E90C8-A9A0-4772-A9D1-BD77C809D574} = {400F54B6-31D0-4D68-B5F0-A49F009354FE}
		{2670722E-F205-4242-AFE1-B6C19B1A4E7B} = {400F54B6-31D0-4D68-B5F0-A49F009354FE}
		{E74E0D4B-634E-4A6E-8512-20EA9934EE6E} = {DC1E90C8-A9A0-4772-A9D1-BD77C809D574}
		{BA1B1E85-8E02-4321-AA4B-41C0976BCA69} = {2670722E-F205-4242-AFE1-B6C19B1A4E7B}
		{8B727723-D30B-4FB2-8264-70B7E832140C} = {2670722E-F205-4242-AFE1-B6C19B1A4E7B}
		{2312889B-F6EA-4D2F-A10B-5021912E8D20} = {2670722E-F205-4242-AFE1-B6C19B1A4E7B}
		{7AA18FBF-F9D6-4D05-BAA6-1C6D3C583D5E} = {2C0D7A92-BC32-4A98-9147-EB8B918464E2}
		{857DEE55-A6DC-4CCF-872B-0C77229E07F7} = {2C0D7A92-BC32-4A98-9147-EB8B918464E2}
	EndGlobalSection
	GlobalSection(ExtensibilityGlobals) = postSolution
		SolutionGuid = {11D3AC8C-B35C-478E-8CD9-C57A0F659740}
	EndGlobalSection
EndGlobal
